<?xml version="1.0" encoding="utf-8"?>
<Project ToolsVersion="4.0" xmlns="http://schemas.microsoft.com/developer/msbuild/2003">
  <ItemGroup>
    <Filter Include="Source Files">
      <UniqueIdentifier>{4FC737F1-C7A5-4376-A066-2A32D752A2FF}</UniqueIdentifier>
      <Extensions>cpp;c;cc;cxx;def;odl;idl;hpj;bat;asm;asmx</Extensions>
    </Filter>
    <Filter Include="Header Files">
      <UniqueIdentifier>{93995380-89BD-4b04-88EB-625FBE52EBFB}</UniqueIdentifier>
      <Extensions>h;hh;hpp;hxx;hm;inl;inc;xsd</Extensions>
    </Filter>
    <Filter Include="Resource Files">
      <UniqueIdentifier>{67DA6AB6-F800-4c08-8B7A-83BB121AAD01}</UniqueIdentifier>
      <Extensions>rc;ico;cur;bmp;dlg;rc2;rct;bin;rgs;gif;jpg;jpeg;jpe;resx;tiff;tif;png;wav;mfcribbon-ms</Extensions>
    </Filter>
  </ItemGroup>
  <ItemGroup>
    <ClInclude Include="stdafx.h">
      <Filter>Header Files</Filter>
    </ClInclude>
    <ClInclude Include="targetver.h">
      <Filter>Header Files</Filter>
    </ClInclude>
    <ClInclude Include="resource.h">
      <Filter>Header Files</Filter>
    </ClInclude>
  </ItemGroup>
  <ItemGroup>
    <ClCompile Include="stdafx.cpp">
      <Filter>Source Files</Filter>
    </ClCompile>
    <ClCompile Include="infocut.cpp">
      <Filter>Source Files</Filter>
    </ClCompile>
  </ItemGroup>
  <ItemGroup>
    <Image Include="icons\A Mind Forever Voyaging 256.ico">
      <Filter>Resource Files</Filter>
    </Image>
    <Image Include="icons\Advent.ico">
      <Filter>Resource Files</Filter>
    </Image>
    <Image Include="icons\Arthur 256.ico">
      <Filter>Resource Files</Filter>
    </Image>
    <Image Include="icons\Ballyhoo 256.ico">
      <Filter>Resource Files</Filter>
    </Image>
    <Image Include="icons\Beyond Zork 256.ico">
      <Filter>Resource Files</Filter>
    </Image>
    <Image Include="icons\Border Zone 256.ico">
      <Filter>Resource Files</Filter>
    </Image>
    <Image Include="icons\Bureaucracy 256.ico">
      <Filter>Resource Files</Filter>
    </Image>
    <Image Include="icons\Cornerstone 256.ico">
      <Filter>Resource Files</Filter>
    </Image>
    <Image Include="icons\Cutthroats 256.ico">
      <Filter>Resource Files</Filter>
    </Image>
    <Image Include="icons\Deadline 256.ico">
      <Filter>Resource Files</Filter>
    </Image>
    <Image Include="icons\dropbox.png">
      <Filter>Resource Files</Filter>
    </Image>
    <Image Include="icons\Enchanter 256.ico">
      <Filter>Resource Files</Filter>
    </Image>
    <Image Include="icons\Fooblitzky 256.ico">
      <Filter>Resource Files</Filter>
    </Image>
    <Image Include="icons\Gamme Force 256.ico">
      <Filter>Resource Files</Filter>
    </Image>
    <Image Include="icons\Hitchhiker%27s Guide to the Galaxy 256.ico">
      <Filter>Resource Files</Filter>
    </Image>
    <Image Include="icons\Hollywood 256.ico">
      <Filter>Resource Files</Filter>
    </Image>
    <Image Include="icons\icon2.ico">
      <Filter>Resource Files</Filter>
    </Image>
    <Image Include="icons\icon52.ico">
      <Filter>Resource Files</Filter>
    </Image>
    <Image Include="icons\Infidel 256.ico">
      <Filter>Resource Files</Filter>
    </Image>
    <Image Include="icons\Journey 256.ico">
      <Filter>Resource Files</Filter>
    </Image>
    <Image Include="icons\Lane Mastodon 256.ico">
      <Filter>Resource Files</Filter>
    </Image>
    <Image Include="icons\Leather Goddesses 2 256.ico">
      <Filter>Resource Files</Filter>
    </Image>
    <Image Include="icons\Leather Goddesses 256.ico">
      <Filter>Resource Files</Filter>
    </Image>
    <Image Include="icons\Lost Treasures 1 256.ico">
      <Filter>Resource Files</Filter>
    </Image>
    <Image Include="icons\Lost Treasures 2 256.ico">
      <Filter>Resource Files</Filter>
    </Image>
    <Image Include="icons\Lurking Horror 256.ico">
      <Filter>Resource Files</Filter>
    </Image>
    <Image Include="icons\Masterpieces of Infocom 256.ico">
      <Filter>Resource Files</Filter>
    </Image>
    <Image Include="icons\Moonmist 256.ico">
      <Filter>Resource Files</Filter>
    </Image>
    <Image Include="icons\Nord and Bert 256.ico">
      <Filter>Resource Files</Filter>
    </Image>
    <Image Include="icons\Planetfall 256.ico">
      <Filter>Resource Files</Filter>
    </Image>
    <Image Include="icons\Plundered Hearts 256.ico">
      <Filter>Resource Files</Filter>
    </Image>
    <Image Include="icons\Quarterstaff 256.ico">
      <Filter>Resource Files</Filter>
    </Image>
    <Image Include="icons\Return to Zork 256.ico">
      <Filter>Resource Files</Filter>
    </Image>
    <Image Include="icons\Seastalker 256.ico">
      <Filter>Resource Files</Filter>
    </Image>
    <Image Include="icons\Sherlock 256.ico">
      <Filter>Resource Files</Filter>
    </Image>
    <Image Include="icons\Shogun 256.ico">
      <Filter>Resource Files</Filter>
    </Image>
    <Image Include="icons\Sorcerer 256.ico">
      <Filter>Resource Files</Filter>
    </Image>
    <Image Include="icons\Spellbreaker 256.ico">
      <Filter>Resource Files</Filter>
    </Image>
    <Image Include="icons\Starcross 256.ico">
      <Filter>Resource Files</Filter>
    </Image>
    <Image Include="icons\Stationfall 256.ico">
      <Filter>Resource Files</Filter>
    </Image>
    <Image Include="icons\Suspect 256.ico">
      <Filter>Resource Files</Filter>
    </Image>
    <Image Include="icons\Suspended 256.ico">
      <Filter>Resource Files</Filter>
    </Image>
    <Image Include="icons\Trinity 256.ico">
      <Filter>Resource Files</Filter>
    </Image>
    <Image Include="icons\trs80.ico">
      <Filter>Resource Files</Filter>
    </Image>
    <Image Include="icons\Wishbringer 256.ico">
      <Filter>Resource Files</Filter>
    </Image>
    <Image Include="icons\Witness 256.ico">
      <Filter>Resource Files</Filter>
    </Image>
    <Image Include="icons\Zork - Grand Inquisitor 256 .ico">
      <Filter>Resource Files</Filter>
    </Image>
    <Image Include="icons\Zork - Nemesis 256.ico">
      <Filter>Resource Files</Filter>
    </Image>
    <Image Include="icons\Zork I 256.ico">
      <Filter>Resource Files</Filter>
    </Image>
    <Image Include="icons\Zork II 256.ico">
      <Filter>Resource Files</Filter>
    </Image>
    <Image Include="icons\Zork III 256.ico">
      <Filter>Resource Files</Filter>
    </Image>
    <Image Include="icons\Zork TUU 256.ico">
      <Filter>Resource Files</Filter>
    </Image>
    <Image Include="icons\Zork Zero 256.ico">
      <Filter>Resource Files</Filter>
    </Image>
    <Image Include="icons\ZorkQuest 1 256.ico">
      <Filter>Resource Files</Filter>
    </Image>
    <Image Include="icons\ZorkQuest 2 256.ico">
      <Filter>Resource Files</Filter>
    </Image>
    <Image Include="icons\Infocom.ico">
      <Filter>Resource Files</Filter>
    </Image>
    <Image Include="icons\icon1.ico">
      <Filter>Resource Files</Filter>
    </Image>
  </ItemGroup>
  <ItemGroup>
    <ResourceCompile Include="Resource.rc">
      <Filter>Resource Files</Filter>
    </ResourceCompile>
  </ItemGroup>
</Project>